
Microsoft Visual Studio Solution File, Format Version 12.00
# Visual Studio 15
VisualStudioVersion = 15.0.28010.2016
MinimumVisualStudioVersion = 10.0.40219.1
Project("{FAE04EC0-301F-11D3-BF4B-00C04F79EFBC}") = "Snake", "Snake\Snake.csproj", "{58DAD5BE-7FE8-4FA3-8A97-CE9EFB9F4B74}"
EndProject
Global
	GlobalSection(SolutionConfigurationPlatforms) = preSolution
		Debug|Any CPU = Debug|Any CPU
		Release|Any CPU = Release|Any CPU
	EndGlobalSection
	GlobalSection(ProjectConfigurationPlatforms) = postSolution
		{58DAD5BE-7FE8-4FA3-8A97-CE9EFB9F4B74}.Debug|Any CPU.ActiveCfg = Debug|Any CPU
		{58DAD5BE-7FE8-4FA3-8A97-CE9EFB9F4B74}.Debug|Any CPU.Build.0 = Debug|Any CPU
		{58DAD5BE-7FE8-4FA3-8A97-CE9EFB9F4B74}.Release|Any CPU.ActiveCfg = Release|Any CPU
		{58DAD5BE-7FE8-4FA3-8A97-CE9EFB9F4B74}.Release|Any CPU.Build.0 = Release|Any CPU
	EndGlobalSection
	GlobalSection(SolutionProperties) = preSolution
		HideSolutionNode = FALSE
	EndGlobalSection
	GlobalSection(ExtensibilityGlobals) = postSolution
		SolutionGuid = {8CD3B1C6-621C-4CD4-B84D-34EB7EA7BC26}
	EndGlobalSection
EndGlobal
