
Microsoft Visual Studio Solution File, Format Version 12.00
# Visual Studio 15
VisualStudioVersion = 15.0.28010.2016
MinimumVisualStudioVersion = 10.0.40219.1
Project("{FAE04EC0-301F-11D3-BF4B-00C04F79EFBC}") = "Tanks", "Tanks\Tanks.csproj", "{A61A248C-5E27-42A5-BEBC-C8D6CF0C2E04}"
EndProject
Global
	GlobalSection(SolutionConfigurationPlatforms) = preSolution
		Debug|Any CPU = Debug|Any CPU
		Release|Any CPU = Release|Any CPU
	EndGlobalSection
	GlobalSection(ProjectConfigurationPlatforms) = postSolution
		{A61A248C-5E27-42A5-BEBC-C8D6CF0C2E04}.Debug|Any CPU.ActiveCfg = Debug|Any CPU
		{A61A248C-5E27-42A5-BEBC-C8D6CF0C2E04}.Debug|Any CPU.Build.0 = Debug|Any CPU
		{A61A248C-5E27-42A5-BEBC-C8D6CF0C2E04}.Release|Any CPU.ActiveCfg = Release|Any CPU
		{A61A248C-5E27-42A5-BEBC-C8D6CF0C2E04}.Release|Any CPU.Build.0 = Release|Any CPU
	EndGlobalSection
	GlobalSection(SolutionProperties) = preSolution
		HideSolutionNode = FALSE
	EndGlobalSection
	GlobalSection(ExtensibilityGlobals) = postSolution
		SolutionGuid = {9A9F0AE8-7821-4373-920A-063A8CC67B08}
	EndGlobalSection
EndGlobal
