
Microsoft Visual Studio Solution File, Format Version 12.00
# Visual Studio 15
VisualStudioVersion = 15.0.28010.2016
MinimumVisualStudioVersion = 10.0.40219.1
Project("{FAE04EC0-301F-11D3-BF4B-00C04F79EFBC}") = "Змейка", "Змейка\Змейка.csproj", "{20BD8BFD-6FE2-4B28-9878-162593177D41}"
EndProject
Global
	GlobalSection(SolutionConfigurationPlatforms) = preSolution
		Debug|Any CPU = Debug|Any CPU
		Release|Any CPU = Release|Any CPU
	EndGlobalSection
	GlobalSection(ProjectConfigurationPlatforms) = postSolution
		{20BD8BFD-6FE2-4B28-9878-162593177D41}.Debug|Any CPU.ActiveCfg = Debug|Any CPU
		{20BD8BFD-6FE2-4B28-9878-162593177D41}.Debug|Any CPU.Build.0 = Debug|Any CPU
		{20BD8BFD-6FE2-4B28-9878-162593177D41}.Release|Any CPU.ActiveCfg = Release|Any CPU
		{20BD8BFD-6FE2-4B28-9878-162593177D41}.Release|Any CPU.Build.0 = Release|Any CPU
	EndGlobalSection
	GlobalSection(SolutionProperties) = preSolution
		HideSolutionNode = FALSE
	EndGlobalSection
	GlobalSection(ExtensibilityGlobals) = postSolution
		SolutionGuid = {C35DAA80-B29D-4C1D-9851-1B6F8D59D04E}
	EndGlobalSection
EndGlobal
